schema: '2.0'
stages:
  prepare:
    cmd: python src/prepare.py data/raw/wachttijden.csv data/intermediate/wachttijden.csv
    deps:
    - path: data/raw/wachttijden.csv
      md5: 8abeb82ae1daf2362d6946d046270ff0
      size: 99016814
    - path: src/prepare.py
      md5: 79f86ded8a52006b17a6adf5ad031371
      size: 784
    outs:
    - path: data/intermediate/wachttijden.csv
      md5: 9a591fd86ecd2516a92b6fe497870e34
      size: 15078746
  train:
    cmd: python src/train.py data/intermediate/wachttijden.csv
    deps:
    - path: data/intermediate/wachttijden.csv
      md5: 9a591fd86ecd2516a92b6fe497870e34
      size: 15078746
    - path: src/train.py
      md5: 296d44adba0fce572e7e86a19f274f61
      size: 1730
    outs:
    - path: .mlem/model/classifier
      md5: daea962d96de7842390b63bcb457e7ef
      size: 11117956
    - path: .mlem/model/classifier.mlem
      md5: 50373c16a824eec1a1ef2f0df1033fd3
      size: 1319
    - path: metrics.json
      md5: 33736d7f165c2a268683ffeb2261af2e
      size: 25
