schema: '2.0'
stages:
  prepare:
    cmd: python src/prepare.py data/raw/wachttijden.csv data/intermediate/wachttijden.csv
    deps:
    - path: data/raw/wachttijden.csv
      md5: 8abeb82ae1daf2362d6946d046270ff0
      size: 99016814
    - path: src/prepare.py
      md5: 79f86ded8a52006b17a6adf5ad031371
      size: 784
    outs:
    - path: data/intermediate/wachttijden.csv
      md5: 9a591fd86ecd2516a92b6fe497870e34
      size: 15078746
  train:
    cmd: python src/train.py data/intermediate/wachttijden.csv
    deps:
    - path: data/intermediate/wachttijden.csv
      md5: 9a591fd86ecd2516a92b6fe497870e34
      size: 15078746
    - path: src/train.py
      md5: 296d44adba0fce572e7e86a19f274f61
      size: 1730
    outs:
    - path: .mlem/model/classifier
      md5: d462d86fd724892d62d068efba14dd82
      size: 11106308
    - path: .mlem/model/classifier.mlem
      md5: 00e9a4169697b96cfa651a1a4521aa97
      size: 1319
    - path: metrics.json
      md5: a1dc348e3316785439b75e1eb5f138bd
      size: 26
