schema: '2.0'
stages:
  prepare:
    cmd: python src/prepare.py data/raw/wachttijden.csv data/intermediate/wachttijden.csv
    deps:
    - path: data/raw/wachttijden.csv
      md5: 8abeb82ae1daf2362d6946d046270ff0
      size: 99016814
    - path: src/prepare.py
      md5: 79f86ded8a52006b17a6adf5ad031371
      size: 784
    outs:
    - path: data/intermediate/wachttijden.csv
      md5: 9a591fd86ecd2516a92b6fe497870e34
      size: 15078746
  train:
    cmd: python src/train.py data/intermediate/wachttijden.csv models/classifier.bin
    deps:
    - path: data/intermediate/wachttijden.csv
      md5: 9a591fd86ecd2516a92b6fe497870e34
      size: 15078746
    - path: src/train.py
      md5: ac2f5d29b11dd8b3dd413a01637393e5
      size: 1602
    outs:
    - path: metrics.json
      md5: 0195425599a38fb73ae02e59871d30f6
      size: 27
    - path: models/classifier.bin
      md5: 6102171e97207c001cfa5acb14e14a8d
      size: 3091395
